// !$*UTF8*$!
{
	archiveVersion = 1;
	classes = {
	};
	objectVersion = 46;
	objects = {

/* Begin PBXBuildFile section */
		4C6C9A781C70862A006D7FFA /* main.m in Sources */ = {isa = PBXBuildFile; fileRef = 4C6C9A771C70862A006D7FFA /* main.m */; };
		4C6C9A7B1C70862A006D7FFA /* AppDelegate.m in Sources */ = {isa = PBXBuildFile; fileRef = 4C6C9A7A1C70862A006D7FFA /* AppDelegate.m */; };
		4C6C9A7E1C70862A006D7FFA /* ViewController.m in Sources */ = {isa = PBXBuildFile; fileRef = 4C6C9A7D1C70862A006D7FFA /* ViewController.m */; };
		4C6C9A811C70862A006D7FFA /* Main.storyboard in Resources */ = {isa = PBXBuildFile; fileRef = 4C6C9A7F1C70862A006D7FFA /* Main.storyboard */; };
		4C6C9A831C70862A006D7FFA /* Assets.xcassets in Resources */ = {isa = PBXBuildFile; fileRef = 4C6C9A821C70862A006D7FFA /* Assets.xcassets */; };
		4C6C9A861C70862A006D7FFA /* LaunchScreen.storyboard in Resources */ = {isa = PBXBuildFile; fileRef = 4C6C9A841C70862A006D7FFA /* LaunchScreen.storyboard */; };
		4C6C9A921C708A7B006D7FFA /* QRCodeEnums.m in Sources */ = {isa = PBXBuildFile; fileRef = 4C6C9A911C708A7B006D7FFA /* QRCodeEnums.m */; };
		4C6C9A951C708CA3006D7FFA /* UIViewController+DismissKeyboard.m in Sources */ = {isa = PBXBuildFile; fileRef = 4C6C9A941C708CA3006D7FFA /* UIViewController+DismissKeyboard.m */; };
/* End PBXBuildFile section */

/* Begin PBXFileReference section */
		4C6C9A731C70862A006D7FFA /* QRCode.app */ = {isa = PBXFileReference; explicitFileType = wrapper.application; includeInIndex = 0; path = QRCode.app; sourceTree = BUILT_PRODUCTS_DIR; };
		4C6C9A771C70862A006D7FFA /* main.m */ = {isa = PBXFileReference; lastKnownFileType = sourcecode.c.objc; path = main.m; sourceTree = "<group>"; };
		4C6C9A791C70862A006D7FFA /* AppDelegate.h */ = {isa = PBXFileReference; lastKnownFileType = sourcecode.c.h; path = AppDelegate.h; sourceTree = "<group>"; };
		4C6C9A7A1C70862A006D7FFA /* AppDelegate.m */ = {isa = PBXFileReference; lastKnownFileType = sourcecode.c.objc; path = AppDelegate.m; sourceTree = "<group>"; };
		4C6C9A7C1C70862A006D7FFA /* ViewController.h */ = {isa = PBXFileReference; lastKnownFileType = sourcecode.c.h; path = ViewController.h; sourceTree = "<group>"; };
		4C6C9A7D1C70862A006D7FFA /* ViewController.m */ = {isa = PBXFileReference; lastKnownFileType = sourcecode.c.objc; path = ViewController.m; sourceTree = "<group>"; };
		4C6C9A801C70862A006D7FFA /* Base */ = {isa = PBXFileReference; lastKnownFileType = file.storyboard; name = Base; path = Base.lproj/Main.storyboard; sourceTree = "<group>"; };
		4C6C9A821C70862A006D7FFA /* Assets.xcassets */ = {isa = PBXFileReference; lastKnownFileType = folder.assetcatalog; path = Assets.xcassets; sourceTree = "<group>"; };
		4C6C9A851C70862A006D7FFA /* Base */ = {isa = PBXFileReference; lastKnownFileType = file.storyboard; name = Base; path = Base.lproj/LaunchScreen.storyboard; sourceTree = "<group>"; };
		4C6C9A871C70862A006D7FFA /* Info.plist */ = {isa = PBXFileReference; lastKnownFileType = text.plist.xml; path = Info.plist; sourceTree = "<group>"; };
		4C6C9A901C708A7B006D7FFA /* QRCodeEnums.h */ = {isa = PBXFileReference; fileEncoding = 4; lastKnownFileType = sourcecode.c.h; path = QRCodeEnums.h; sourceTree = "<group>"; };
		4C6C9A911C708A7B006D7FFA /* QRCodeEnums.m */ = {isa = PBXFileReference; fileEncoding = 4; lastKnownFileType = sourcecode.c.objc; path = QRCodeEnums.m; sourceTree = "<group>"; };
		4C6C9A931C708CA3006D7FFA /* UIViewController+DismissKeyboard.h */ = {isa = PBXFileReference; fileEncoding = 4; lastKnownFileType = sourcecode.c.h; path = "UIViewController+DismissKeyboard.h"; sourceTree = "<group>"; };
		4C6C9A941C708CA3006D7FFA /* UIViewController+DismissKeyboard.m */ = {isa = PBXFileReference; fileEncoding = 4; lastKnownFileType = sourcecode.c.objc; path = "UIViewController+DismissKeyboard.m"; sourceTree = "<group>"; };
/* End PBXFileReference section */

/* Begin PBXFrameworksBuildPhase section */
		4C6C9A701C70862A006D7FFA /* Frameworks */ = {
			isa = PBXFrameworksBuildPhase;
			buildActionMask = 2147483647;
			files = (
			);
			runOnlyForDeploymentPostprocessing = 0;
		};
/* End PBXFrameworksBuildPhase section */

/* Begin PBXGroup section */
		4C6C9A6A1C70862A006D7FFA = {
			isa = PBXGroup;
			children = (
				4C6C9A751C70862A006D7FFA /* QRCode */,
				4C6C9A741C70862A006D7FFA /* Products */,
			);
			sourceTree = "<group>";
		};
		4C6C9A741C70862A006D7FFA /* Products */ = {
			isa = PBXGroup;
			children = (
				4C6C9A731C70862A006D7FFA /* QRCode.app */,
			);
			name = Products;
			sourceTree = "<group>";
		};
		4C6C9A751C70862A006D7FFA /* QRCode */ = {
			isa = PBXGroup;
			children = (
				4C6C9A791C70862A006D7FFA /* AppDelegate.h */,
				4C6C9A7A1C70862A006D7FFA /* AppDelegate.m */,
				4C6C9A7C1C70862A006D7FFA /* ViewController.h */,
				4C6C9A7D1C70862A006D7FFA /* ViewController.m */,
				4C6C9A901C708A7B006D7FFA /* QRCodeEnums.h */,
				4C6C9A911C708A7B006D7FFA /* QRCodeEnums.m */,
				4C6C9A931C708CA3006D7FFA /* UIViewController+DismissKeyboard.h */,
				4C6C9A941C708CA3006D7FFA /* UIViewController+DismissKeyboard.m */,
				4C6C9A7F1C70862A006D7FFA /* Main.storyboard */,
				4C6C9A821C70862A006D7FFA /* Assets.xcassets */,
				4C6C9A841C70862A006D7FFA /* LaunchScreen.storyboard */,
				4C6C9A871C70862A006D7FFA /* Info.plist */,
				4C6C9A761C70862A006D7FFA /* Supporting Files */,
			);
			path = QRCode;
			sourceTree = "<group>";
		};
		4C6C9A761C70862A006D7FFA /* Supporting Files */ = {
			isa = PBXGroup;
			children = (
				4C6C9A771C70862A006D7FFA /* main.m */,
			);
			name = "Supporting Files";
			sourceTree = "<group>";
		};
/* End PBXGroup section */

/* Begin PBXNativeTarget section */
		4C6C9A721C70862A006D7FFA /* QRCode */ = {
			isa = PBXNativeTarget;
			buildConfigurationList = 4C6C9A8A1C70862A006D7FFA /* Build configuration list for PBXNativeTarget "QRCode" */;
			buildPhases = (
				4C6C9A6F1C70862A006D7FFA /* Sources */,
				4C6C9A701C70862A006D7FFA /* Frameworks */,
				4C6C9A711C70862A006D7FFA /* Resources */,
			);
			buildRules = (
			);
			dependencies = (
			);
			name = QRCode;
			productName = QRCode;
			productReference = 4C6C9A731C70862A006D7FFA /* QRCode.app */;
			productType = "com.apple.product-type.application";
		};
/* End PBXNativeTarget section */

/* Begin PBXProject section */
		4C6C9A6B1C70862A006D7FFA /* Project object */ = {
			isa = PBXProject;
			attributes = {
				LastUpgradeCheck = 0720;
				ORGANIZATIONNAME = Michael;
				TargetAttributes = {
					4C6C9A721C70862A006D7FFA = {
						CreatedOnToolsVersion = 7.2;
						DevelopmentTeam = JTVP4Z7968;
					};
				};
			};
			buildConfigurationList = 4C6C9A6E1C70862A006D7FFA /* Build configuration list for PBXProject "QRCode" */;
			compatibilityVersion = "Xcode 3.2";
			developmentRegion = English;
			hasScannedForEncodings = 0;
			knownRegions = (
				en,
				Base,
			);
			mainGroup = 4C6C9A6A1C70862A006D7FFA;
			productRefGroup = 4C6C9A741C70862A006D7FFA /* Products */;
			projectDirPath = "";
			projectRoot = "";
			targets = (
				4C6C9A721C70862A006D7FFA /* QRCode */,
			);
		};
/* End PBXProject section */

/* Begin PBXResourcesBuildPhase section */
		4C6C9A711C70862A006D7FFA /* Resources */ = {
			isa = PBXResourcesBuildPhase;
			buildActionMask = 2147483647;
			files = (
				4C6C9A861C70862A006D7FFA /* LaunchScreen.storyboard in Resources */,
				4C6C9A831C70862A006D7FFA /* Assets.xcassets in Resources */,
				4C6C9A811C70862A006D7FFA /* Main.storyboard in Resources */,
			);
			runOnlyForDeploymentPostprocessing = 0;
		};
/* End PBXResourcesBuildPhase section */

/* Begin PBXSourcesBuildPhase section */
		4C6C9A6F1C70862A006D7FFA /* Sources */ = {
			isa = PBXSourcesBuildPhase;
			buildActionMask = 2147483647;
			files = (
				4C6C9A951C708CA3006D7FFA /* UIViewController+DismissKeyboard.m in Sources */,
				4C6C9A7E1C70862A006D7FFA /* ViewController.m in Sources */,
				4C6C9A921C708A7B006D7FFA /* QRCodeEnums.m in Sources */,
				4C6C9A7B1C70862A006D7FFA /* AppDelegate.m in Sources */,
				4C6C9A781C70862A006D7FFA /* main.m in Sources */,
			);
			runOnlyForDeploymentPostprocessing = 0;
		};
/* End PBXSourcesBuildPhase section */

/* Begin PBXVariantGroup section */
		4C6C9A7F1C70862A006D7FFA /* Main.storyboard */ = {
			isa = PBXVariantGroup;
			children = (
				4C6C9A801C70862A006D7FFA /* Base */,
			);
			name = Main.storyboard;
			sourceTree = "<group>";
		};
		4C6C9A841C70862A006D7FFA /* LaunchScreen.storyboard */ = {
			isa = PBXVariantGroup;
			children = (
				4C6C9A851C70862A006D7FFA /* Base */,
			);
			name = LaunchScreen.storyboard;
			sourceTree = "<group>";
		};
/* End PBXVariantGroup section */

/* Begin XCBuildConfiguration section */
		4C6C9A881C70862A006D7FFA /* Debug */ = {
			isa = XCBuildConfiguration;
			buildSettings = {
				ALWAYS_SEARCH_USER_PATHS = NO;
				CLANG_CXX_LANGUAGE_STANDARD = "gnu++0x";
				CLANG_CXX_LIBRARY = "libc++";
				CLANG_ENABLE_MODULES = YES;
				CLANG_ENABLE_OBJC_ARC = YES;
				CLANG_WARN_BOOL_CONVERSION = YES;
				CLANG_WARN_CONSTANT_CONVERSION = YES;
				CLANG_WARN_DIRECT_OBJC_ISA_USAGE = YES_ERROR;
				CLANG_WARN_EMPTY_BODY = YES;
				CLANG_WARN_ENUM_CONVERSION = YES;
				CLANG_WARN_INT_CONVERSION = YES;
				CLANG_WARN_OBJC_ROOT_CLASS = YES_ERROR;
				CLANG_WARN_UNREACHABLE_CODE = YES;
				CLANG_WARN__DUPLICATE_METHOD_MATCH = YES;
				"CODE_SIGN_IDENTITY[sdk=iphoneos*]" = "iPhone Developer";
				COPY_PHASE_STRIP = NO;
				DEBUG_INFORMATION_FORMAT = dwarf;
				ENABLE_STRICT_OBJC_MSGSEND = YES;
				ENABLE_TESTABILITY = YES;
				GCC_C_LANGUAGE_STANDARD = gnu99;
				GCC_DYNAMIC_NO_PIC = NO;
				GCC_NO_COMMON_BLOCKS = YES;
				GCC_OPTIMIZATION_LEVEL = 0;
				GCC_PREPROCESSOR_DEFINITIONS = (
					"DEBUG=1",
					"$(inherited)",
				);
				GCC_WARN_64_TO_32_BIT_CONVERSION = YES;
				GCC_WARN_ABOUT_RETURN_TYPE = YES_ERROR;
				GCC_WARN_UNDECLARED_SELECTOR = YES;
				GCC_WARN_UNINITIALIZED_AUTOS = YES_AGGRESSIVE;
				GCC_WARN_UNUSED_FUNCTION = YES;
				GCC_WARN_UNUSED_VARIABLE = YES;
				IPHONEOS_DEPLOYMENT_TARGET = 9.2;
				MTL_ENABLE_DEBUG_INFO = YES;
				ONLY_ACTIVE_ARCH = YES;
				SDKROOT = iphoneos;
			};
			name = Debug;
		};
		4C6C9A891C70862A006D7FFA /* Release */ = {
			isa = XCBuildConfiguration;
			buildSettings = {
				ALWAYS_SEARCH_USER_PATHS = NO;
				CLANG_CXX_LANGUAGE_STANDARD = "gnu++0x";
				CLANG_CXX_LIBRARY = "libc++";
				CLANG_ENABLE_MODULES = YES;
				CLANG_ENABLE_OBJC_ARC = YES;
				CLANG_WARN_BOOL_CONVERSION = YES;
				CLANG_WARN_CONSTANT_CONVERSION = YES;
				CLANG_WARN_DIRECT_OBJC_ISA_USAGE = YES_ERROR;
				CLANG_WARN_EMPTY_BODY = YES;
				CLANG_WARN_ENUM_CONVERSION = YES;
				CLANG_WARN_INT_CONVERSION = YES;
				CLANG_WARN_OBJC_ROOT_CLASS = YES_ERROR;
				CLANG_WARN_UNREACHABLE_CODE = YES;
				CLANG_WARN__DUPLICATE_METHOD_MATCH = YES;
				"CODE_SIGN_IDENTITY[sdk=iphoneos*]" = "iPhone Developer";
				COPY_PHASE_STRIP = NO;
				DEBUG_INFORMATION_FORMAT = "dwarf-with-dsym";
				ENABLE_NS_ASSERTIONS = NO;
				ENABLE_STRICT_OBJC_MSGSEND = YES;
				GCC_C_LANGUAGE_STANDARD = gnu99;
				GCC_NO_COMMON_BLOCKS = YES;
				GCC_WARN_64_TO_32_BIT_CONVERSION = YES;
				GCC_WARN_ABOUT_RETURN_TYPE = YES_ERROR;
				GCC_WARN_UNDECLARED_SELECTOR = YES;
				GCC_WARN_UNINITIALIZED_AUTOS = YES_AGGRESSIVE;
				GCC_WARN_UNUSED_FUNCTION = YES;
				GCC_WARN_UNUSED_VARIABLE = YES;
				IPHONEOS_DEPLOYMENT_TARGET = 9.2;
				MTL_ENABLE_DEBUG_INFO = NO;
				SDKROOT = iphoneos;
				VALIDATE_PRODUCT = YES;
			};
			name = Release;
		};
		4C6C9A8B1C70862A006D7FFA /* Debug */ = {
			isa = XCBuildConfiguration;
			buildSettings = {
				ASSETCATALOG_COMPILER_APPICON_NAME = AppIcon;
				CODE_SIGN_IDENTITY = "iPhone Developer";
				INFOPLIST_FILE = QRCode/Info.plist;
				LD_RUNPATH_SEARCH_PATHS = "$(inherited) @executable_path/Frameworks";
				PRODUCT_BUNDLE_IDENTIFIER = com.Michael.QRCode;
				PRODUCT_NAME = "$(TARGET_NAME)";
			};
			name = Debug;
		};
		4C6C9A8C1C70862A006D7FFA /* Release */ = {
			isa = XCBuildConfiguration;
			buildSettings = {
				ASSETCATALOG_COMPILER_APPICON_NAME = AppIcon;
				CODE_SIGN_IDENTITY = "iPhone Developer";
				INFOPLIST_FILE = QRCode/Info.plist;
				LD_RUNPATH_SEARCH_PATHS = "$(inherited) @executable_path/Frameworks";
				PRODUCT_BUNDLE_IDENTIFIER = com.Michael.QRCode;
				PRODUCT_NAME = "$(TARGET_NAME)";
			};
			name = Release;
		};
/* End XCBuildConfiguration section */

/* Begin XCConfigurationList section */
		4C6C9A6E1C70862A006D7FFA /* Build configuration list for PBXProject "QRCode" */ = {
			isa = XCConfigurationList;
			buildConfigurations = (
				4C6C9A881C70862A006D7FFA /* Debug */,
				4C6C9A891C70862A006D7FFA /* Release */,
			);
			defaultConfigurationIsVisible = 0;
			defaultConfigurationName = Release;
		};
		4C6C9A8A1C70862A006D7FFA /* Build configuration list for PBXNativeTarget "QRCode" */ = {
			isa = XCConfigurationList;
			buildConfigurations = (
				4C6C9A8B1C70862A006D7FFA /* Debug */,
				4C6C9A8C1C70862A006D7FFA /* Release */,
			);
			defaultConfigurationIsVisible = 0;
			defaultConfigurationName = Release;
		};
/* End XCConfigurationList section */
	};
	rootObject = 4C6C9A6B1C70862A006D7FFA /* Project object */;
}
